
Microsoft Visual Studio Solution File, Format Version 12.00
# Visual Studio Version 17
VisualStudioVersion = 17.7.34009.444
MinimumVisualStudioVersion = 10.0.40219.1
Project("{FAE04EC0-301F-11D3-BF4B-00C04F79EFBC}") = "AppDisco", "AppDisco\AppDisco.csproj", "{7F77E7F3-D0D5-4214-8023-48BBBD6E01C5}"
EndProject
Project("{FAE04EC0-301F-11D3-BF4B-00C04F79EFBC}") = "dominio", "dominio\dominio.csproj", "{BF6423D8-0B7F-4412-99FE-986E3BCAA914}"
EndProject
Project("{FAE04EC0-301F-11D3-BF4B-00C04F79EFBC}") = "negocio", "negocio\negocio.csproj", "{B18F14BF-A1F7-40CD-8758-F3413908C576}"
EndProject
Global
	GlobalSection(SolutionConfigurationPlatforms) = preSolution
		Debug|Any CPU = Debug|Any CPU
		Release|Any CPU = Release|Any CPU
	EndGlobalSection
	GlobalSection(ProjectConfigurationPlatforms) = postSolution
		{7F77E7F3-D0D5-4214-8023-48BBBD6E01C5}.Debug|Any CPU.ActiveCfg = Debug|Any CPU
		{7F77E7F3-D0D5-4214-8023-48BBBD6E01C5}.Debug|Any CPU.Build.0 = Debug|Any CPU
		{7F77E7F3-D0D5-4214-8023-48BBBD6E01C5}.Release|Any CPU.ActiveCfg = Release|Any CPU
		{7F77E7F3-D0D5-4214-8023-48BBBD6E01C5}.Release|Any CPU.Build.0 = Release|Any CPU
		{BF6423D8-0B7F-4412-99FE-986E3BCAA914}.Debug|Any CPU.ActiveCfg = Debug|Any CPU
		{BF6423D8-0B7F-4412-99FE-986E3BCAA914}.Debug|Any CPU.Build.0 = Debug|Any CPU
		{BF6423D8-0B7F-4412-99FE-986E3BCAA914}.Release|Any CPU.ActiveCfg = Release|Any CPU
		{BF6423D8-0B7F-4412-99FE-986E3BCAA914}.Release|Any CPU.Build.0 = Release|Any CPU
		{B18F14BF-A1F7-40CD-8758-F3413908C576}.Debug|Any CPU.ActiveCfg = Debug|Any CPU
		{B18F14BF-A1F7-40CD-8758-F3413908C576}.Debug|Any CPU.Build.0 = Debug|Any CPU
		{B18F14BF-A1F7-40CD-8758-F3413908C576}.Release|Any CPU.ActiveCfg = Release|Any CPU
		{B18F14BF-A1F7-40CD-8758-F3413908C576}.Release|Any CPU.Build.0 = Release|Any CPU
	EndGlobalSection
	GlobalSection(SolutionProperties) = preSolution
		HideSolutionNode = FALSE
	EndGlobalSection
	GlobalSection(ExtensibilityGlobals) = postSolution
		SolutionGuid = {8751436A-1EAF-4CFF-9921-D0C133AD763F}
	EndGlobalSection
EndGlobal
